// !$*UTF8*$!
{
	archiveVersion = 1;
	classes = {
	};
	objectVersion = 56;
	objects = {

/* Begin PBXBuildFile section */
		5B38666B2A018A05008EC131 /* SettingViewController.swift in Sources */ = {isa = PBXBuildFile; fileRef = 5B38666A2A018A05008EC131 /* SettingViewController.swift */; };
		5B38666F2A018BDF008EC131 /* SettingsTableViewCell.swift in Sources */ = {isa = PBXBuildFile; fileRef = 5B38666D2A018BDF008EC131 /* SettingsTableViewCell.swift */; };
		5B3866702A018BDF008EC131 /* SettingsTableViewCell.xib in Resources */ = {isa = PBXBuildFile; fileRef = 5B38666E2A018BDF008EC131 /* SettingsTableViewCell.xib */; };
		5B3866752A018C4B008EC131 /* CustomView.swift in Sources */ = {isa = PBXBuildFile; fileRef = 5B3866722A018C4B008EC131 /* CustomView.swift */; };
		5B3866762A018C4B008EC131 /* CustomButton.swift in Sources */ = {isa = PBXBuildFile; fileRef = 5B3866732A018C4B008EC131 /* CustomButton.swift */; };
		5B3866772A018C4B008EC131 /* CustomTextField.swift in Sources */ = {isa = PBXBuildFile; fileRef = 5B3866742A018C4B008EC131 /* CustomTextField.swift */; };
		5B3866792A018F3C008EC131 /* GeneratorViewController.swift in Sources */ = {isa = PBXBuildFile; fileRef = 5B3866782A018F3C008EC131 /* GeneratorViewController.swift */; };
		5B8CD6DC2A01706A009ECDD5 /* AppDelegate.swift in Sources */ = {isa = PBXBuildFile; fileRef = 5B8CD6DB2A01706A009ECDD5 /* AppDelegate.swift */; };
		5B8CD6E02A01706A009ECDD5 /* ViewController.swift in Sources */ = {isa = PBXBuildFile; fileRef = 5B8CD6DF2A01706A009ECDD5 /* ViewController.swift */; };
		5B8CD6E32A01706A009ECDD5 /* Main.storyboard in Resources */ = {isa = PBXBuildFile; fileRef = 5B8CD6E12A01706A009ECDD5 /* Main.storyboard */; };
		5B8CD6E52A01706C009ECDD5 /* Assets.xcassets in Resources */ = {isa = PBXBuildFile; fileRef = 5B8CD6E42A01706C009ECDD5 /* Assets.xcassets */; };
		5B8CD6E82A01706C009ECDD5 /* LaunchScreen.storyboard in Resources */ = {isa = PBXBuildFile; fileRef = 5B8CD6E62A01706C009ECDD5 /* LaunchScreen.storyboard */; };
		62BDFE0900E860236713C91A /* Pods_Random_numbers.framework in Frameworks */ = {isa = PBXBuildFile; fileRef = 70126CCFFA0D8AC9479F0C15 /* Pods_Random_numbers.framework */; };
/* End PBXBuildFile section */

/* Begin PBXFileReference section */
		5B38666A2A018A05008EC131 /* SettingViewController.swift */ = {isa = PBXFileReference; fileEncoding = 4; lastKnownFileType = sourcecode.swift; path = SettingViewController.swift; sourceTree = "<group>"; };
		5B38666D2A018BDF008EC131 /* SettingsTableViewCell.swift */ = {isa = PBXFileReference; fileEncoding = 4; lastKnownFileType = sourcecode.swift; path = SettingsTableViewCell.swift; sourceTree = "<group>"; };
		5B38666E2A018BDF008EC131 /* SettingsTableViewCell.xib */ = {isa = PBXFileReference; fileEncoding = 4; lastKnownFileType = file.xib; path = SettingsTableViewCell.xib; sourceTree = "<group>"; };
		5B3866722A018C4B008EC131 /* CustomView.swift */ = {isa = PBXFileReference; fileEncoding = 4; lastKnownFileType = sourcecode.swift; path = CustomView.swift; sourceTree = "<group>"; };
		5B3866732A018C4B008EC131 /* CustomButton.swift */ = {isa = PBXFileReference; fileEncoding = 4; lastKnownFileType = sourcecode.swift; path = CustomButton.swift; sourceTree = "<group>"; };
		5B3866742A018C4B008EC131 /* CustomTextField.swift */ = {isa = PBXFileReference; fileEncoding = 4; lastKnownFileType = sourcecode.swift; path = CustomTextField.swift; sourceTree = "<group>"; };
		5B3866782A018F3C008EC131 /* GeneratorViewController.swift */ = {isa = PBXFileReference; lastKnownFileType = sourcecode.swift; path = GeneratorViewController.swift; sourceTree = "<group>"; };
		5B8CD6D82A01706A009ECDD5 /* Random numbers.app */ = {isa = PBXFileReference; explicitFileType = wrapper.application; includeInIndex = 0; path = "Random numbers.app"; sourceTree = BUILT_PRODUCTS_DIR; };
		5B8CD6DB2A01706A009ECDD5 /* AppDelegate.swift */ = {isa = PBXFileReference; lastKnownFileType = sourcecode.swift; path = AppDelegate.swift; sourceTree = "<group>"; };
		5B8CD6DF2A01706A009ECDD5 /* ViewController.swift */ = {isa = PBXFileReference; lastKnownFileType = sourcecode.swift; path = ViewController.swift; sourceTree = "<group>"; };
		5B8CD6E22A01706A009ECDD5 /* Base */ = {isa = PBXFileReference; lastKnownFileType = file.storyboard; name = Base; path = Base.lproj/Main.storyboard; sourceTree = "<group>"; };
		5B8CD6E42A01706C009ECDD5 /* Assets.xcassets */ = {isa = PBXFileReference; lastKnownFileType = folder.assetcatalog; path = Assets.xcassets; sourceTree = "<group>"; };
		5B8CD6E72A01706C009ECDD5 /* Base */ = {isa = PBXFileReference; lastKnownFileType = file.storyboard; name = Base; path = Base.lproj/LaunchScreen.storyboard; sourceTree = "<group>"; };
		5B8CD6E92A01706C009ECDD5 /* Info.plist */ = {isa = PBXFileReference; lastKnownFileType = text.plist.xml; path = Info.plist; sourceTree = "<group>"; };
		70126CCFFA0D8AC9479F0C15 /* Pods_Random_numbers.framework */ = {isa = PBXFileReference; explicitFileType = wrapper.framework; includeInIndex = 0; path = Pods_Random_numbers.framework; sourceTree = BUILT_PRODUCTS_DIR; };
		B323835F5EF2139FCB8E0623 /* Pods-Random numbers.release.xcconfig */ = {isa = PBXFileReference; includeInIndex = 1; lastKnownFileType = text.xcconfig; name = "Pods-Random numbers.release.xcconfig"; path = "Target Support Files/Pods-Random numbers/Pods-Random numbers.release.xcconfig"; sourceTree = "<group>"; };
		FED0D1C3E0402456A47DDFA5 /* Pods-Random numbers.debug.xcconfig */ = {isa = PBXFileReference; includeInIndex = 1; lastKnownFileType = text.xcconfig; name = "Pods-Random numbers.debug.xcconfig"; path = "Target Support Files/Pods-Random numbers/Pods-Random numbers.debug.xcconfig"; sourceTree = "<group>"; };
/* End PBXFileReference section */

/* Begin PBXFrameworksBuildPhase section */
		5B8CD6D52A01706A009ECDD5 /* Frameworks */ = {
			isa = PBXFrameworksBuildPhase;
			buildActionMask = 2147483647;
			files = (
				62BDFE0900E860236713C91A /* Pods_Random_numbers.framework in Frameworks */,
			);
			runOnlyForDeploymentPostprocessing = 0;
		};
/* End PBXFrameworksBuildPhase section */

/* Begin PBXGroup section */
		5B38666C2A018BC9008EC131 /* Cells */ = {
			isa = PBXGroup;
			children = (
				5B38666D2A018BDF008EC131 /* SettingsTableViewCell.swift */,
				5B38666E2A018BDF008EC131 /* SettingsTableViewCell.xib */,
			);
			path = Cells;
			sourceTree = "<group>";
		};
		5B3866712A018C4B008EC131 /* Custom Controls */ = {
			isa = PBXGroup;
			children = (
				5B3866722A018C4B008EC131 /* CustomView.swift */,
				5B3866732A018C4B008EC131 /* CustomButton.swift */,
				5B3866742A018C4B008EC131 /* CustomTextField.swift */,
			);
			path = "Custom Controls";
			sourceTree = "<group>";
		};
		5B8CD6CF2A01706A009ECDD5 = {
			isa = PBXGroup;
			children = (
				5B8CD6DA2A01706A009ECDD5 /* Random numbers */,
				5B8CD6D92A01706A009ECDD5 /* Products */,
				96E21F1A91ECF5D37650A89D /* Pods */,
				5EB597245D09B59C1349AB25 /* Frameworks */,
			);
			sourceTree = "<group>";
		};
		5B8CD6D92A01706A009ECDD5 /* Products */ = {
			isa = PBXGroup;
			children = (
				5B8CD6D82A01706A009ECDD5 /* Random numbers.app */,
			);
			name = Products;
			sourceTree = "<group>";
		};
		5B8CD6DA2A01706A009ECDD5 /* Random numbers */ = {
			isa = PBXGroup;
			children = (
				5B3866712A018C4B008EC131 /* Custom Controls */,
				5B38666C2A018BC9008EC131 /* Cells */,
				5B8CD6DB2A01706A009ECDD5 /* AppDelegate.swift */,
				5B8CD6DF2A01706A009ECDD5 /* ViewController.swift */,
				5B38666A2A018A05008EC131 /* SettingViewController.swift */,
				5B3866782A018F3C008EC131 /* GeneratorViewController.swift */,
				5B8CD6E12A01706A009ECDD5 /* Main.storyboard */,
				5B8CD6E42A01706C009ECDD5 /* Assets.xcassets */,
				5B8CD6E62A01706C009ECDD5 /* LaunchScreen.storyboard */,
				5B8CD6E92A01706C009ECDD5 /* Info.plist */,
			);
			path = "Random numbers";
			sourceTree = "<group>";
		};
		5EB597245D09B59C1349AB25 /* Frameworks */ = {
			isa = PBXGroup;
			children = (
				70126CCFFA0D8AC9479F0C15 /* Pods_Random_numbers.framework */,
			);
			name = Frameworks;
			sourceTree = "<group>";
		};
		96E21F1A91ECF5D37650A89D /* Pods */ = {
			isa = PBXGroup;
			children = (
				FED0D1C3E0402456A47DDFA5 /* Pods-Random numbers.debug.xcconfig */,
				B323835F5EF2139FCB8E0623 /* Pods-Random numbers.release.xcconfig */,
			);
			path = Pods;
			sourceTree = "<group>";
		};
/* End PBXGroup section */

/* Begin PBXNativeTarget section */
		5B8CD6D72A01706A009ECDD5 /* Random numbers */ = {
			isa = PBXNativeTarget;
			buildConfigurationList = 5B8CD6EC2A01706C009ECDD5 /* Build configuration list for PBXNativeTarget "Random numbers" */;
			buildPhases = (
				D7603FFDD89AEB89ECFD8A0D /* [CP] Check Pods Manifest.lock */,
				5B8CD6D42A01706A009ECDD5 /* Sources */,
				5B8CD6D52A01706A009ECDD5 /* Frameworks */,
				5B8CD6D62A01706A009ECDD5 /* Resources */,
				FE5F31C8BB55291AC0ED2AC1 /* [CP] Embed Pods Frameworks */,
			);
			buildRules = (
			);
			dependencies = (
			);
			name = "Random numbers";
			productName = "Random numbers";
			productReference = 5B8CD6D82A01706A009ECDD5 /* Random numbers.app */;
			productType = "com.apple.product-type.application";
		};
/* End PBXNativeTarget section */

/* Begin PBXProject section */
		5B8CD6D02A01706A009ECDD5 /* Project object */ = {
			isa = PBXProject;
			attributes = {
				BuildIndependentTargetsInParallel = 1;
				LastSwiftUpdateCheck = 1420;
				LastUpgradeCheck = 1420;
				TargetAttributes = {
					5B8CD6D72A01706A009ECDD5 = {
						CreatedOnToolsVersion = 14.2;
					};
				};
			};
			buildConfigurationList = 5B8CD6D32A01706A009ECDD5 /* Build configuration list for PBXProject "Random numbers" */;
			compatibilityVersion = "Xcode 14.0";
			developmentRegion = en;
			hasScannedForEncodings = 0;
			knownRegions = (
				en,
				Base,
			);
			mainGroup = 5B8CD6CF2A01706A009ECDD5;
			productRefGroup = 5B8CD6D92A01706A009ECDD5 /* Products */;
			projectDirPath = "";
			projectRoot = "";
			targets = (
				5B8CD6D72A01706A009ECDD5 /* Random numbers */,
			);
		};
/* End PBXProject section */

/* Begin PBXResourcesBuildPhase section */
		5B8CD6D62A01706A009ECDD5 /* Resources */ = {
			isa = PBXResourcesBuildPhase;
			buildActionMask = 2147483647;
			files = (
				5B8CD6E82A01706C009ECDD5 /* LaunchScreen.storyboard in Resources */,
				5B8CD6E52A01706C009ECDD5 /* Assets.xcassets in Resources */,
				5B3866702A018BDF008EC131 /* SettingsTableViewCell.xib in Resources */,
				5B8CD6E32A01706A009ECDD5 /* Main.storyboard in Resources */,
			);
			runOnlyForDeploymentPostprocessing = 0;
		};
/* End PBXResourcesBuildPhase section */

/* Begin PBXShellScriptBuildPhase section */
		D7603FFDD89AEB89ECFD8A0D /* [CP] Check Pods Manifest.lock */ = {
			isa = PBXShellScriptBuildPhase;
			buildActionMask = 2147483647;
			files = (
			);
			inputFileListPaths = (
			);
			inputPaths = (
				"${PODS_PODFILE_DIR_PATH}/Podfile.lock",
				"${PODS_ROOT}/Manifest.lock",
			);
			name = "[CP] Check Pods Manifest.lock";
			outputFileListPaths = (
			);
			outputPaths = (
				"$(DERIVED_FILE_DIR)/Pods-Random numbers-checkManifestLockResult.txt",
			);
			runOnlyForDeploymentPostprocessing = 0;
			shellPath = /bin/sh;
			shellScript = "diff \"${PODS_PODFILE_DIR_PATH}/Podfile.lock\" \"${PODS_ROOT}/Manifest.lock\" > /dev/null\nif [ $? != 0 ] ; then\n    # print error to STDERR\n    echo \"error: The sandbox is not in sync with the Podfile.lock. Run 'pod install' or update your CocoaPods installation.\" >&2\n    exit 1\nfi\n# This output is used by Xcode 'outputs' to avoid re-running this script phase.\necho \"SUCCESS\" > \"${SCRIPT_OUTPUT_FILE_0}\"\n";
			showEnvVarsInLog = 0;
		};
		FE5F31C8BB55291AC0ED2AC1 /* [CP] Embed Pods Frameworks */ = {
			isa = PBXShellScriptBuildPhase;
			buildActionMask = 2147483647;
			files = (
			);
			inputFileListPaths = (
				"${PODS_ROOT}/Target Support Files/Pods-Random numbers/Pods-Random numbers-frameworks-${CONFIGURATION}-input-files.xcfilelist",
			);
			name = "[CP] Embed Pods Frameworks";
			outputFileListPaths = (
				"${PODS_ROOT}/Target Support Files/Pods-Random numbers/Pods-Random numbers-frameworks-${CONFIGURATION}-output-files.xcfilelist",
			);
			runOnlyForDeploymentPostprocessing = 0;
			shellPath = /bin/sh;
			shellScript = "\"${PODS_ROOT}/Target Support Files/Pods-Random numbers/Pods-Random numbers-frameworks.sh\"\n";
			showEnvVarsInLog = 0;
		};
/* End PBXShellScriptBuildPhase section */

/* Begin PBXSourcesBuildPhase section */
		5B8CD6D42A01706A009ECDD5 /* Sources */ = {
			isa = PBXSourcesBuildPhase;
			buildActionMask = 2147483647;
			files = (
				5B8CD6E02A01706A009ECDD5 /* ViewController.swift in Sources */,
				5B3866792A018F3C008EC131 /* GeneratorViewController.swift in Sources */,
				5B8CD6DC2A01706A009ECDD5 /* AppDelegate.swift in Sources */,
				5B3866752A018C4B008EC131 /* CustomView.swift in Sources */,
				5B3866772A018C4B008EC131 /* CustomTextField.swift in Sources */,
				5B3866762A018C4B008EC131 /* CustomButton.swift in Sources */,
				5B38666F2A018BDF008EC131 /* SettingsTableViewCell.swift in Sources */,
				5B38666B2A018A05008EC131 /* SettingViewController.swift in Sources */,
			);
			runOnlyForDeploymentPostprocessing = 0;
		};
/* End PBXSourcesBuildPhase section */

/* Begin PBXVariantGroup section */
		5B8CD6E12A01706A009ECDD5 /* Main.storyboard */ = {
			isa = PBXVariantGroup;
			children = (
				5B8CD6E22A01706A009ECDD5 /* Base */,
			);
			name = Main.storyboard;
			sourceTree = "<group>";
		};
		5B8CD6E62A01706C009ECDD5 /* LaunchScreen.storyboard */ = {
			isa = PBXVariantGroup;
			children = (
				5B8CD6E72A01706C009ECDD5 /* Base */,
			);
			name = LaunchScreen.storyboard;
			sourceTree = "<group>";
		};
/* End PBXVariantGroup section */

/* Begin XCBuildConfiguration section */
		5B8CD6EA2A01706C009ECDD5 /* Debug */ = {
			isa = XCBuildConfiguration;
			buildSettings = {
				ALWAYS_SEARCH_USER_PATHS = NO;
				CLANG_ANALYZER_NONNULL = YES;
				CLANG_ANALYZER_NUMBER_OBJECT_CONVERSION = YES_AGGRESSIVE;
				CLANG_CXX_LANGUAGE_STANDARD = "gnu++20";
				CLANG_ENABLE_MODULES = YES;
				CLANG_ENABLE_OBJC_ARC = YES;
				CLANG_ENABLE_OBJC_WEAK = YES;
				CLANG_WARN_BLOCK_CAPTURE_AUTORELEASING = YES;
				CLANG_WARN_BOOL_CONVERSION = YES;
				CLANG_WARN_COMMA = YES;
				CLANG_WARN_CONSTANT_CONVERSION = YES;
				CLANG_WARN_DEPRECATED_OBJC_IMPLEMENTATIONS = YES;
				CLANG_WARN_DIRECT_OBJC_ISA_USAGE = YES_ERROR;
				CLANG_WARN_DOCUMENTATION_COMMENTS = YES;
				CLANG_WARN_EMPTY_BODY = YES;
				CLANG_WARN_ENUM_CONVERSION = YES;
				CLANG_WARN_INFINITE_RECURSION = YES;
				CLANG_WARN_INT_CONVERSION = YES;
				CLANG_WARN_NON_LITERAL_NULL_CONVERSION = YES;
				CLANG_WARN_OBJC_IMPLICIT_RETAIN_SELF = YES;
				CLANG_WARN_OBJC_LITERAL_CONVERSION = YES;
				CLANG_WARN_OBJC_ROOT_CLASS = YES_ERROR;
				CLANG_WARN_QUOTED_INCLUDE_IN_FRAMEWORK_HEADER = YES;
				CLANG_WARN_RANGE_LOOP_ANALYSIS = YES;
				CLANG_WARN_STRICT_PROTOTYPES = YES;
				CLANG_WARN_SUSPICIOUS_MOVE = YES;
				CLANG_WARN_UNGUARDED_AVAILABILITY = YES_AGGRESSIVE;
				CLANG_WARN_UNREACHABLE_CODE = YES;
				CLANG_WARN__DUPLICATE_METHOD_MATCH = YES;
				COPY_PHASE_STRIP = NO;
				DEBUG_INFORMATION_FORMAT = dwarf;
				ENABLE_STRICT_OBJC_MSGSEND = YES;
				ENABLE_TESTABILITY = YES;
				GCC_C_LANGUAGE_STANDARD = gnu11;
				GCC_DYNAMIC_NO_PIC = NO;
				GCC_NO_COMMON_BLOCKS = YES;
				GCC_OPTIMIZATION_LEVEL = 0;
				GCC_PREPROCESSOR_DEFINITIONS = (
					"DEBUG=1",
					"$(inherited)",
				);
				GCC_WARN_64_TO_32_BIT_CONVERSION = YES;
				GCC_WARN_ABOUT_RETURN_TYPE = YES_ERROR;
				GCC_WARN_UNDECLARED_SELECTOR = YES;
				GCC_WARN_UNINITIALIZED_AUTOS = YES_AGGRESSIVE;
				GCC_WARN_UNUSED_FUNCTION = YES;
				GCC_WARN_UNUSED_VARIABLE = YES;
				IPHONEOS_DEPLOYMENT_TARGET = 16.2;
				MTL_ENABLE_DEBUG_INFO = INCLUDE_SOURCE;
				MTL_FAST_MATH = YES;
				ONLY_ACTIVE_ARCH = YES;
				SDKROOT = iphoneos;
				SWIFT_ACTIVE_COMPILATION_CONDITIONS = DEBUG;
				SWIFT_OPTIMIZATION_LEVEL = "-Onone";
			};
			name = Debug;
		};
		5B8CD6EB2A01706C009ECDD5 /* Release */ = {
			isa = XCBuildConfiguration;
			buildSettings = {
				ALWAYS_SEARCH_USER_PATHS = NO;
				CLANG_ANALYZER_NONNULL = YES;
				CLANG_ANALYZER_NUMBER_OBJECT_CONVERSION = YES_AGGRESSIVE;
				CLANG_CXX_LANGUAGE_STANDARD = "gnu++20";
				CLANG_ENABLE_MODULES = YES;
				CLANG_ENABLE_OBJC_ARC = YES;
				CLANG_ENABLE_OBJC_WEAK = YES;
				CLANG_WARN_BLOCK_CAPTURE_AUTORELEASING = YES;
				CLANG_WARN_BOOL_CONVERSION = YES;
				CLANG_WARN_COMMA = YES;
				CLANG_WARN_CONSTANT_CONVERSION = YES;
				CLANG_WARN_DEPRECATED_OBJC_IMPLEMENTATIONS = YES;
				CLANG_WARN_DIRECT_OBJC_ISA_USAGE = YES_ERROR;
				CLANG_WARN_DOCUMENTATION_COMMENTS = YES;
				CLANG_WARN_EMPTY_BODY = YES;
				CLANG_WARN_ENUM_CONVERSION = YES;
				CLANG_WARN_INFINITE_RECURSION = YES;
				CLANG_WARN_INT_CONVERSION = YES;
				CLANG_WARN_NON_LITERAL_NULL_CONVERSION = YES;
				CLANG_WARN_OBJC_IMPLICIT_RETAIN_SELF = YES;
				CLANG_WARN_OBJC_LITERAL_CONVERSION = YES;
				CLANG_WARN_OBJC_ROOT_CLASS = YES_ERROR;
				CLANG_WARN_QUOTED_INCLUDE_IN_FRAMEWORK_HEADER = YES;
				CLANG_WARN_RANGE_LOOP_ANALYSIS = YES;
				CLANG_WARN_STRICT_PROTOTYPES = YES;
				CLANG_WARN_SUSPICIOUS_MOVE = YES;
				CLANG_WARN_UNGUARDED_AVAILABILITY = YES_AGGRESSIVE;
				CLANG_WARN_UNREACHABLE_CODE = YES;
				CLANG_WARN__DUPLICATE_METHOD_MATCH = YES;
				COPY_PHASE_STRIP = NO;
				DEBUG_INFORMATION_FORMAT = "dwarf-with-dsym";
				ENABLE_NS_ASSERTIONS = NO;
				ENABLE_STRICT_OBJC_MSGSEND = YES;
				GCC_C_LANGUAGE_STANDARD = gnu11;
				GCC_NO_COMMON_BLOCKS = YES;
				GCC_WARN_64_TO_32_BIT_CONVERSION = YES;
				GCC_WARN_ABOUT_RETURN_TYPE = YES_ERROR;
				GCC_WARN_UNDECLARED_SELECTOR = YES;
				GCC_WARN_UNINITIALIZED_AUTOS = YES_AGGRESSIVE;
				GCC_WARN_UNUSED_FUNCTION = YES;
				GCC_WARN_UNUSED_VARIABLE = YES;
				IPHONEOS_DEPLOYMENT_TARGET = 16.2;
				MTL_ENABLE_DEBUG_INFO = NO;
				MTL_FAST_MATH = YES;
				SDKROOT = iphoneos;
				SWIFT_COMPILATION_MODE = wholemodule;
				SWIFT_OPTIMIZATION_LEVEL = "-O";
				VALIDATE_PRODUCT = YES;
			};
			name = Release;
		};
		5B8CD6ED2A01706C009ECDD5 /* Debug */ = {
			isa = XCBuildConfiguration;
			baseConfigurationReference = FED0D1C3E0402456A47DDFA5 /* Pods-Random numbers.debug.xcconfig */;
			buildSettings = {
				ASSETCATALOG_COMPILER_APPICON_NAME = AppIcon;
				ASSETCATALOG_COMPILER_GLOBAL_ACCENT_COLOR_NAME = AccentColor;
				CODE_SIGN_STYLE = Automatic;
				CURRENT_PROJECT_VERSION = 1;
				DEVELOPMENT_TEAM = 2T8ZX7X76S;
				GENERATE_INFOPLIST_FILE = YES;
				INFOPLIST_FILE = "Random numbers/Info.plist";
				INFOPLIST_KEY_UIApplicationSupportsIndirectInputEvents = YES;
				INFOPLIST_KEY_UILaunchStoryboardName = LaunchScreen;
				INFOPLIST_KEY_UIMainStoryboardFile = Main;
				INFOPLIST_KEY_UIStatusBarStyle = UIStatusBarStyleLightContent;
				INFOPLIST_KEY_UISupportedInterfaceOrientations_iPad = "UIInterfaceOrientationPortrait UIInterfaceOrientationPortraitUpsideDown UIInterfaceOrientationLandscapeLeft UIInterfaceOrientationLandscapeRight";
				INFOPLIST_KEY_UISupportedInterfaceOrientations_iPhone = "UIInterfaceOrientationPortrait UIInterfaceOrientationLandscapeLeft UIInterfaceOrientationLandscapeRight";
				IPHONEOS_DEPLOYMENT_TARGET = 11.0;
				LD_RUNPATH_SEARCH_PATHS = (
					"$(inherited)",
					"@executable_path/Frameworks",
				);
				MARKETING_VERSION = 1.0;
				PRODUCT_BUNDLE_IDENTIFIER = com.randomnumbers.ios;
				PRODUCT_NAME = "$(TARGET_NAME)";
				SUPPORTED_PLATFORMS = "iphoneos iphonesimulator";
				SUPPORTS_MACCATALYST = NO;
				SUPPORTS_MAC_DESIGNED_FOR_IPHONE_IPAD = NO;
				SWIFT_EMIT_LOC_STRINGS = YES;
				SWIFT_VERSION = 5.0;
				TARGETED_DEVICE_FAMILY = 1;
			};
			name = Debug;
		};
		5B8CD6EE2A01706C009ECDD5 /* Release */ = {
			isa = XCBuildConfiguration;
			baseConfigurationReference = B323835F5EF2139FCB8E0623 /* Pods-Random numbers.release.xcconfig */;
			buildSettings = {
				ASSETCATALOG_COMPILER_APPICON_NAME = AppIcon;
				ASSETCATALOG_COMPILER_GLOBAL_ACCENT_COLOR_NAME = AccentColor;
				CODE_SIGN_STYLE = Automatic;
				CURRENT_PROJECT_VERSION = 1;
				DEVELOPMENT_TEAM = 2T8ZX7X76S;
				GENERATE_INFOPLIST_FILE = YES;
				INFOPLIST_FILE = "Random numbers/Info.plist";
				INFOPLIST_KEY_UIApplicationSupportsIndirectInputEvents = YES;
				INFOPLIST_KEY_UILaunchStoryboardName = LaunchScreen;
				INFOPLIST_KEY_UIMainStoryboardFile = Main;
				INFOPLIST_KEY_UIStatusBarStyle = UIStatusBarStyleLightContent;
				INFOPLIST_KEY_UISupportedInterfaceOrientations_iPad = "UIInterfaceOrientationPortrait UIInterfaceOrientationPortraitUpsideDown UIInterfaceOrientationLandscapeLeft UIInterfaceOrientationLandscapeRight";
				INFOPLIST_KEY_UISupportedInterfaceOrientations_iPhone = "UIInterfaceOrientationPortrait UIInterfaceOrientationLandscapeLeft UIInterfaceOrientationLandscapeRight";
				IPHONEOS_DEPLOYMENT_TARGET = 11.0;
				LD_RUNPATH_SEARCH_PATHS = (
					"$(inherited)",
					"@executable_path/Frameworks",
				);
				MARKETING_VERSION = 1.0;
				PRODUCT_BUNDLE_IDENTIFIER = com.randomnumbers.ios;
				PRODUCT_NAME = "$(TARGET_NAME)";
				SUPPORTED_PLATFORMS = "iphoneos iphonesimulator";
				SUPPORTS_MACCATALYST = NO;
				SUPPORTS_MAC_DESIGNED_FOR_IPHONE_IPAD = NO;
				SWIFT_EMIT_LOC_STRINGS = YES;
				SWIFT_VERSION = 5.0;
				TARGETED_DEVICE_FAMILY = 1;
			};
			name = Release;
		};
/* End XCBuildConfiguration section */

/* Begin XCConfigurationList section */
		5B8CD6D32A01706A009ECDD5 /* Build configuration list for PBXProject "Random numbers" */ = {
			isa = XCConfigurationList;
			buildConfigurations = (
				5B8CD6EA2A01706C009ECDD5 /* Debug */,
				5B8CD6EB2A01706C009ECDD5 /* Release */,
			);
			defaultConfigurationIsVisible = 0;
			defaultConfigurationName = Release;
		};
		5B8CD6EC2A01706C009ECDD5 /* Build configuration list for PBXNativeTarget "Random numbers" */ = {
			isa = XCConfigurationList;
			buildConfigurations = (
				5B8CD6ED2A01706C009ECDD5 /* Debug */,
				5B8CD6EE2A01706C009ECDD5 /* Release */,
			);
			defaultConfigurationIsVisible = 0;
			defaultConfigurationName = Release;
		};
/* End XCConfigurationList section */
	};
	rootObject = 5B8CD6D02A01706A009ECDD5 /* Project object */;
}
